// !$*UTF8*$!
{
	archiveVersion = 1;
	classes = {
	};
	objectVersion = 55;
	objects = {

/* Begin PBXBuildFile section */
		070672672833AF17009E33D7 /* SingleCalendarGridView.swift in Sources */ = {isa = PBXBuildFile; fileRef = 070672662833AF17009E33D7 /* SingleCalendarGridView.swift */; };
		070672682833AF17009E33D7 /* SingleCalendarGridView.swift in Sources */ = {isa = PBXBuildFile; fileRef = 070672662833AF17009E33D7 /* SingleCalendarGridView.swift */; };
		0706726A2833B1BF009E33D7 /* ScrollViewModifier.swift in Sources */ = {isa = PBXBuildFile; fileRef = 070672692833B1BF009E33D7 /* ScrollViewModifier.swift */; };
		0706726B2833B1BF009E33D7 /* ScrollViewModifier.swift in Sources */ = {isa = PBXBuildFile; fileRef = 070672692833B1BF009E33D7 /* ScrollViewModifier.swift */; };
		0706726D2833CC01009E33D7 /* CalendarGridConfiguration.swift in Sources */ = {isa = PBXBuildFile; fileRef = 0706726C2833CC01009E33D7 /* CalendarGridConfiguration.swift */; };
		0706726E2833CC01009E33D7 /* CalendarGridConfiguration.swift in Sources */ = {isa = PBXBuildFile; fileRef = 0706726C2833CC01009E33D7 /* CalendarGridConfiguration.swift */; };
		0706726F2833D227009E33D7 /* CalendarGridView.swift in Sources */ = {isa = PBXBuildFile; fileRef = 07D180182833509000CE1378 /* CalendarGridView.swift */; };
		0754E92A282D65390014784E /* MainNavigationView.swift in Sources */ = {isa = PBXBuildFile; fileRef = 0754E929282D65390014784E /* MainNavigationView.swift */; };
		0754E92B282D65390014784E /* MainNavigationView.swift in Sources */ = {isa = PBXBuildFile; fileRef = 0754E929282D65390014784E /* MainNavigationView.swift */; };
		0754E930282E731F0014784E /* KeychainAccess in Frameworks */ = {isa = PBXBuildFile; productRef = 0754E92F282E731F0014784E /* KeychainAccess */; };
		0754E933282E73360014784E /* KeychainAccess in Frameworks */ = {isa = PBXBuildFile; productRef = 0754E932282E73360014784E /* KeychainAccess */; };
		0754E9432832884F0014784E /* CustomSideMainView.swift in Sources */ = {isa = PBXBuildFile; fileRef = 0754E9422832884E0014784E /* CustomSideMainView.swift */; };
		0754E9442832884F0014784E /* CustomSideMainView.swift in Sources */ = {isa = PBXBuildFile; fileRef = 0754E9422832884E0014784E /* CustomSideMainView.swift */; };
		0754E946283288F80014784E /* SideMenuModifier.swift in Sources */ = {isa = PBXBuildFile; fileRef = 0754E945283288F80014784E /* SideMenuModifier.swift */; };
		0754E947283288F80014784E /* SideMenuModifier.swift in Sources */ = {isa = PBXBuildFile; fileRef = 0754E945283288F80014784E /* SideMenuModifier.swift */; };
		07D180192833509000CE1378 /* CalendarGridView.swift in Sources */ = {isa = PBXBuildFile; fileRef = 07D180182833509000CE1378 /* CalendarGridView.swift */; };
		07E8A0AB2829F0F9008BD0EA /* Tests_iOS.swift in Sources */ = {isa = PBXBuildFile; fileRef = 07E8A0AA2829F0F9008BD0EA /* Tests_iOS.swift */; };
		07E8A0AD2829F0F9008BD0EA /* Tests_iOSLaunchTests.swift in Sources */ = {isa = PBXBuildFile; fileRef = 07E8A0AC2829F0F9008BD0EA /* Tests_iOSLaunchTests.swift */; };
		07E8A0B72829F0F9008BD0EA /* Tests_macOS.swift in Sources */ = {isa = PBXBuildFile; fileRef = 07E8A0B62829F0F9008BD0EA /* Tests_macOS.swift */; };
		07E8A0B92829F0FA008BD0EA /* Tests_macOSLaunchTests.swift in Sources */ = {isa = PBXBuildFile; fileRef = 07E8A0B82829F0FA008BD0EA /* Tests_macOSLaunchTests.swift */; };
		07E8A0BA2829F0FA008BD0EA /* DemoToycraft.xcdatamodeld in Sources */ = {isa = PBXBuildFile; fileRef = 07E8A08F2829F0F8008BD0EA /* DemoToycraft.xcdatamodeld */; };
		07E8A0BB2829F0FA008BD0EA /* DemoToycraft.xcdatamodeld in Sources */ = {isa = PBXBuildFile; fileRef = 07E8A08F2829F0F8008BD0EA /* DemoToycraft.xcdatamodeld */; };
		07E8A0BC2829F0FA008BD0EA /* DemoToycraftApp.swift in Sources */ = {isa = PBXBuildFile; fileRef = 07E8A0912829F0F8008BD0EA /* DemoToycraftApp.swift */; };
		07E8A0BD2829F0FA008BD0EA /* DemoToycraftApp.swift in Sources */ = {isa = PBXBuildFile; fileRef = 07E8A0912829F0F8008BD0EA /* DemoToycraftApp.swift */; };
		07E8A0BE2829F0FA008BD0EA /* ContentView.swift in Sources */ = {isa = PBXBuildFile; fileRef = 07E8A0922829F0F8008BD0EA /* ContentView.swift */; };
		07E8A0BF2829F0FA008BD0EA /* ContentView.swift in Sources */ = {isa = PBXBuildFile; fileRef = 07E8A0922829F0F8008BD0EA /* ContentView.swift */; };
		07E8A0C02829F0FA008BD0EA /* Persistence.swift in Sources */ = {isa = PBXBuildFile; fileRef = 07E8A0932829F0F8008BD0EA /* Persistence.swift */; };
		07E8A0C12829F0FA008BD0EA /* Persistence.swift in Sources */ = {isa = PBXBuildFile; fileRef = 07E8A0932829F0F8008BD0EA /* Persistence.swift */; };
		07E8A0C22829F0FA008BD0EA /* Assets.xcassets in Resources */ = {isa = PBXBuildFile; fileRef = 07E8A0942829F0F9008BD0EA /* Assets.xcassets */; };
		07E8A0C32829F0FA008BD0EA /* Assets.xcassets in Resources */ = {isa = PBXBuildFile; fileRef = 07E8A0942829F0F9008BD0EA /* Assets.xcassets */; };
		07E8A0D32829F31A008BD0EA /* MainWindowScene.swift in Sources */ = {isa = PBXBuildFile; fileRef = 07E8A0D22829F31A008BD0EA /* MainWindowScene.swift */; };
		07E8A0D42829F31A008BD0EA /* MainWindowScene.swift in Sources */ = {isa = PBXBuildFile; fileRef = 07E8A0D22829F31A008BD0EA /* MainWindowScene.swift */; };
		07E8A0D62829F5BA008BD0EA /* DemoToycraftDelegate.swift in Sources */ = {isa = PBXBuildFile; fileRef = 07E8A0D52829F5BA008BD0EA /* DemoToycraftDelegate.swift */; };
		07E8A0D72829F5BA008BD0EA /* DemoToycraftDelegate.swift in Sources */ = {isa = PBXBuildFile; fileRef = 07E8A0D52829F5BA008BD0EA /* DemoToycraftDelegate.swift */; };
		07E8A0D92829F6BC008BD0EA /* MainSceneDelegate.swift in Sources */ = {isa = PBXBuildFile; fileRef = 07E8A0D82829F6BC008BD0EA /* MainSceneDelegate.swift */; };
		07E8A0DA2829F6BC008BD0EA /* MainSceneDelegate.swift in Sources */ = {isa = PBXBuildFile; fileRef = 07E8A0D82829F6BC008BD0EA /* MainSceneDelegate.swift */; };
		07E8A0E2282A2B30008BD0EA /* URLSessionActor.swift in Sources */ = {isa = PBXBuildFile; fileRef = 07E8A0E1282A2B30008BD0EA /* URLSessionActor.swift */; };
		07E8A0E3282A2B30008BD0EA /* URLSessionActor.swift in Sources */ = {isa = PBXBuildFile; fileRef = 07E8A0E1282A2B30008BD0EA /* URLSessionActor.swift */; };
/* End PBXBuildFile section */

/* Begin PBXContainerItemProxy section */
		07E8A0A72829F0F9008BD0EA /* PBXContainerItemProxy */ = {
			isa = PBXContainerItemProxy;
			containerPortal = 07E8A08A2829F0F7008BD0EA /* Project object */;
			proxyType = 1;
			remoteGlobalIDString = 07E8A0982829F0F9008BD0EA;
			remoteInfo = "DemoToycraft (iOS)";
		};
		07E8A0B32829F0F9008BD0EA /* PBXContainerItemProxy */ = {
			isa = PBXContainerItemProxy;
			containerPortal = 07E8A08A2829F0F7008BD0EA /* Project object */;
			proxyType = 1;
			remoteGlobalIDString = 07E8A09E2829F0F9008BD0EA;
			remoteInfo = "DemoToycraft (macOS)";
		};
/* End PBXContainerItemProxy section */

/* Begin PBXFileReference section */
		070672662833AF17009E33D7 /* SingleCalendarGridView.swift */ = {isa = PBXFileReference; lastKnownFileType = sourcecode.swift; path = SingleCalendarGridView.swift; sourceTree = "<group>"; };
		070672692833B1BF009E33D7 /* ScrollViewModifier.swift */ = {isa = PBXFileReference; lastKnownFileType = sourcecode.swift; path = ScrollViewModifier.swift; sourceTree = "<group>"; };
		0706726C2833CC01009E33D7 /* CalendarGridConfiguration.swift */ = {isa = PBXFileReference; lastKnownFileType = sourcecode.swift; path = CalendarGridConfiguration.swift; sourceTree = "<group>"; };
		0754E929282D65390014784E /* MainNavigationView.swift */ = {isa = PBXFileReference; lastKnownFileType = sourcecode.swift; path = MainNavigationView.swift; sourceTree = "<group>"; };
		0754E9422832884E0014784E /* CustomSideMainView.swift */ = {isa = PBXFileReference; lastKnownFileType = sourcecode.swift; path = CustomSideMainView.swift; sourceTree = "<group>"; };
		0754E945283288F80014784E /* SideMenuModifier.swift */ = {isa = PBXFileReference; lastKnownFileType = sourcecode.swift; path = SideMenuModifier.swift; sourceTree = "<group>"; };
		07D180182833509000CE1378 /* CalendarGridView.swift */ = {isa = PBXFileReference; lastKnownFileType = sourcecode.swift; path = CalendarGridView.swift; sourceTree = "<group>"; };
		07E8A0902829F0F8008BD0EA /* Shared.xcdatamodel */ = {isa = PBXFileReference; lastKnownFileType = wrapper.xcdatamodel; path = Shared.xcdatamodel; sourceTree = "<group>"; };
		07E8A0912829F0F8008BD0EA /* DemoToycraftApp.swift */ = {isa = PBXFileReference; lastKnownFileType = sourcecode.swift; path = DemoToycraftApp.swift; sourceTree = "<group>"; };
		07E8A0922829F0F8008BD0EA /* ContentView.swift */ = {isa = PBXFileReference; lastKnownFileType = sourcecode.swift; path = ContentView.swift; sourceTree = "<group>"; };
		07E8A0932829F0F8008BD0EA /* Persistence.swift */ = {isa = PBXFileReference; lastKnownFileType = sourcecode.swift; path = Persistence.swift; sourceTree = "<group>"; };
		07E8A0942829F0F9008BD0EA /* Assets.xcassets */ = {isa = PBXFileReference; lastKnownFileType = folder.assetcatalog; path = Assets.xcassets; sourceTree = "<group>"; };
		07E8A0992829F0F9008BD0EA /* DemoToycraft.app */ = {isa = PBXFileReference; explicitFileType = wrapper.application; includeInIndex = 0; path = DemoToycraft.app; sourceTree = BUILT_PRODUCTS_DIR; };
		07E8A09F2829F0F9008BD0EA /* DemoToycraft.app */ = {isa = PBXFileReference; explicitFileType = wrapper.application; includeInIndex = 0; path = DemoToycraft.app; sourceTree = BUILT_PRODUCTS_DIR; };
		07E8A0A12829F0F9008BD0EA /* macOS.entitlements */ = {isa = PBXFileReference; lastKnownFileType = text.plist.entitlements; path = macOS.entitlements; sourceTree = "<group>"; };
		07E8A0A62829F0F9008BD0EA /* Tests iOS.xctest */ = {isa = PBXFileReference; explicitFileType = wrapper.cfbundle; includeInIndex = 0; path = "Tests iOS.xctest"; sourceTree = BUILT_PRODUCTS_DIR; };
		07E8A0AA2829F0F9008BD0EA /* Tests_iOS.swift */ = {isa = PBXFileReference; lastKnownFileType = sourcecode.swift; path = Tests_iOS.swift; sourceTree = "<group>"; };
		07E8A0AC2829F0F9008BD0EA /* Tests_iOSLaunchTests.swift */ = {isa = PBXFileReference; lastKnownFileType = sourcecode.swift; path = Tests_iOSLaunchTests.swift; sourceTree = "<group>"; };
		07E8A0B22829F0F9008BD0EA /* Tests macOS.xctest */ = {isa = PBXFileReference; explicitFileType = wrapper.cfbundle; includeInIndex = 0; path = "Tests macOS.xctest"; sourceTree = BUILT_PRODUCTS_DIR; };
		07E8A0B62829F0F9008BD0EA /* Tests_macOS.swift */ = {isa = PBXFileReference; lastKnownFileType = sourcecode.swift; path = Tests_macOS.swift; sourceTree = "<group>"; };
		07E8A0B82829F0FA008BD0EA /* Tests_macOSLaunchTests.swift */ = {isa = PBXFileReference; lastKnownFileType = sourcecode.swift; path = Tests_macOSLaunchTests.swift; sourceTree = "<group>"; };
		07E8A0D22829F31A008BD0EA /* MainWindowScene.swift */ = {isa = PBXFileReference; lastKnownFileType = sourcecode.swift; path = MainWindowScene.swift; sourceTree = "<group>"; };
		07E8A0D52829F5BA008BD0EA /* DemoToycraftDelegate.swift */ = {isa = PBXFileReference; lastKnownFileType = sourcecode.swift; path = DemoToycraftDelegate.swift; sourceTree = "<group>"; };
		07E8A0D82829F6BC008BD0EA /* MainSceneDelegate.swift */ = {isa = PBXFileReference; lastKnownFileType = sourcecode.swift; path = MainSceneDelegate.swift; sourceTree = "<group>"; };
		07E8A0E1282A2B30008BD0EA /* URLSessionActor.swift */ = {isa = PBXFileReference; lastKnownFileType = sourcecode.swift; path = URLSessionActor.swift; sourceTree = "<group>"; };
/* End PBXFileReference section */

/* Begin PBXFrameworksBuildPhase section */
		07E8A0962829F0F9008BD0EA /* Frameworks */ = {
			isa = PBXFrameworksBuildPhase;
			buildActionMask = 2147483647;
			files = (
				0754E930282E731F0014784E /* KeychainAccess in Frameworks */,
			);
			runOnlyForDeploymentPostprocessing = 0;
		};
		07E8A09C2829F0F9008BD0EA /* Frameworks */ = {
			isa = PBXFrameworksBuildPhase;
			buildActionMask = 2147483647;
			files = (
				0754E933282E73360014784E /* KeychainAccess in Frameworks */,
			);
			runOnlyForDeploymentPostprocessing = 0;
		};
		07E8A0A32829F0F9008BD0EA /* Frameworks */ = {
			isa = PBXFrameworksBuildPhase;
			buildActionMask = 2147483647;
			files = (
			);
			runOnlyForDeploymentPostprocessing = 0;
		};
		07E8A0AF2829F0F9008BD0EA /* Frameworks */ = {
			isa = PBXFrameworksBuildPhase;
			buildActionMask = 2147483647;
			files = (
			);
			runOnlyForDeploymentPostprocessing = 0;
		};
/* End PBXFrameworksBuildPhase section */

/* Begin PBXGroup section */
		0754E931282E73360014784E /* Frameworks */ = {
			isa = PBXGroup;
			children = (
			);
			name = Frameworks;
			sourceTree = "<group>";
		};
		0754E936282F864A0014784E /* UIComponents */ = {
			isa = PBXGroup;
			children = (
				07D180182833509000CE1378 /* CalendarGridView.swift */,
				070672662833AF17009E33D7 /* SingleCalendarGridView.swift */,
				070672692833B1BF009E33D7 /* ScrollViewModifier.swift */,
				0706726C2833CC01009E33D7 /* CalendarGridConfiguration.swift */,
			);
			path = UIComponents;
			sourceTree = "<group>";
		};
		07E8A0892829F0F7008BD0EA = {
			isa = PBXGroup;
			children = (
				0754E936282F864A0014784E /* UIComponents */,
				07E8A08E2829F0F8008BD0EA /* Shared */,
				07E8A0A02829F0F9008BD0EA /* macOS */,
				07E8A0A92829F0F9008BD0EA /* Tests iOS */,
				07E8A0B52829F0F9008BD0EA /* Tests macOS */,
				07E8A09A2829F0F9008BD0EA /* Products */,
				0754E931282E73360014784E /* Frameworks */,
			);
			sourceTree = "<group>";
		};
		07E8A08E2829F0F8008BD0EA /* Shared */ = {
			isa = PBXGroup;
			children = (
				07E8A0D52829F5BA008BD0EA /* DemoToycraftDelegate.swift */,
				07E8A0912829F0F8008BD0EA /* DemoToycraftApp.swift */,
				07E8A0922829F0F8008BD0EA /* ContentView.swift */,
				07E8A0932829F0F8008BD0EA /* Persistence.swift */,
				07E8A0942829F0F9008BD0EA /* Assets.xcassets */,
				07E8A08F2829F0F8008BD0EA /* DemoToycraft.xcdatamodeld */,
				07E8A0D22829F31A008BD0EA /* MainWindowScene.swift */,
				07E8A0D82829F6BC008BD0EA /* MainSceneDelegate.swift */,
				07E8A0E1282A2B30008BD0EA /* URLSessionActor.swift */,
				0754E929282D65390014784E /* MainNavigationView.swift */,
				0754E9422832884E0014784E /* CustomSideMainView.swift */,
				0754E945283288F80014784E /* SideMenuModifier.swift */,
			);
			path = Shared;
			sourceTree = "<group>";
		};
		07E8A09A2829F0F9008BD0EA /* Products */ = {
			isa = PBXGroup;
			children = (
				07E8A0992829F0F9008BD0EA /* DemoToycraft.app */,
				07E8A09F2829F0F9008BD0EA /* DemoToycraft.app */,
				07E8A0A62829F0F9008BD0EA /* Tests iOS.xctest */,
				07E8A0B22829F0F9008BD0EA /* Tests macOS.xctest */,
			);
			name = Products;
			sourceTree = "<group>";
		};
		07E8A0A02829F0F9008BD0EA /* macOS */ = {
			isa = PBXGroup;
			children = (
				07E8A0A12829F0F9008BD0EA /* macOS.entitlements */,
			);
			path = macOS;
			sourceTree = "<group>";
		};
		07E8A0A92829F0F9008BD0EA /* Tests iOS */ = {
			isa = PBXGroup;
			children = (
				07E8A0AA2829F0F9008BD0EA /* Tests_iOS.swift */,
				07E8A0AC2829F0F9008BD0EA /* Tests_iOSLaunchTests.swift */,
			);
			path = "Tests iOS";
			sourceTree = "<group>";
		};
		07E8A0B52829F0F9008BD0EA /* Tests macOS */ = {
			isa = PBXGroup;
			children = (
				07E8A0B62829F0F9008BD0EA /* Tests_macOS.swift */,
				07E8A0B82829F0FA008BD0EA /* Tests_macOSLaunchTests.swift */,
			);
			path = "Tests macOS";
			sourceTree = "<group>";
		};
/* End PBXGroup section */

/* Begin PBXNativeTarget section */
		07E8A0982829F0F9008BD0EA /* DemoToycraft (iOS) */ = {
			isa = PBXNativeTarget;
			buildConfigurationList = 07E8A0C62829F0FA008BD0EA /* Build configuration list for PBXNativeTarget "DemoToycraft (iOS)" */;
			buildPhases = (
				07E8A0952829F0F9008BD0EA /* Sources */,
				07E8A0962829F0F9008BD0EA /* Frameworks */,
				07E8A0972829F0F9008BD0EA /* Resources */,
			);
			buildRules = (
			);
			dependencies = (
			);
			name = "DemoToycraft (iOS)";
			packageProductDependencies = (
				0754E92F282E731F0014784E /* KeychainAccess */,
			);
			productName = "DemoToycraft (iOS)";
			productReference = 07E8A0992829F0F9008BD0EA /* DemoToycraft.app */;
			productType = "com.apple.product-type.application";
		};
		07E8A09E2829F0F9008BD0EA /* DemoToycraft (macOS) */ = {
			isa = PBXNativeTarget;
			buildConfigurationList = 07E8A0C92829F0FA008BD0EA /* Build configuration list for PBXNativeTarget "DemoToycraft (macOS)" */;
			buildPhases = (
				07E8A09B2829F0F9008BD0EA /* Sources */,
				07E8A09C2829F0F9008BD0EA /* Frameworks */,
				07E8A09D2829F0F9008BD0EA /* Resources */,
			);
			buildRules = (
			);
			dependencies = (
			);
			name = "DemoToycraft (macOS)";
			packageProductDependencies = (
				0754E932282E73360014784E /* KeychainAccess */,
			);
			productName = "DemoToycraft (macOS)";
			productReference = 07E8A09F2829F0F9008BD0EA /* DemoToycraft.app */;
			productType = "com.apple.product-type.application";
		};
		07E8A0A52829F0F9008BD0EA /* Tests iOS */ = {
			isa = PBXNativeTarget;
			buildConfigurationList = 07E8A0CC2829F0FA008BD0EA /* Build configuration list for PBXNativeTarget "Tests iOS" */;
			buildPhases = (
				07E8A0A22829F0F9008BD0EA /* Sources */,
				07E8A0A32829F0F9008BD0EA /* Frameworks */,
				07E8A0A42829F0F9008BD0EA /* Resources */,
			);
			buildRules = (
			);
			dependencies = (
				07E8A0A82829F0F9008BD0EA /* PBXTargetDependency */,
			);
			name = "Tests iOS";
			productName = "Tests iOS";
			productReference = 07E8A0A62829F0F9008BD0EA /* Tests iOS.xctest */;
			productType = "com.apple.product-type.bundle.ui-testing";
		};
		07E8A0B12829F0F9008BD0EA /* Tests macOS */ = {
			isa = PBXNativeTarget;
			buildConfigurationList = 07E8A0CF2829F0FA008BD0EA /* Build configuration list for PBXNativeTarget "Tests macOS" */;
			buildPhases = (
				07E8A0AE2829F0F9008BD0EA /* Sources */,
				07E8A0AF2829F0F9008BD0EA /* Frameworks */,
				07E8A0B02829F0F9008BD0EA /* Resources */,
			);
			buildRules = (
			);
			dependencies = (
				07E8A0B42829F0F9008BD0EA /* PBXTargetDependency */,
			);
			name = "Tests macOS";
			productName = "Tests macOS";
			productReference = 07E8A0B22829F0F9008BD0EA /* Tests macOS.xctest */;
			productType = "com.apple.product-type.bundle.ui-testing";
		};
/* End PBXNativeTarget section */

/* Begin PBXProject section */
		07E8A08A2829F0F7008BD0EA /* Project object */ = {
			isa = PBXProject;
			attributes = {
				BuildIndependentTargetsInParallel = 1;
				LastSwiftUpdateCheck = 1330;
				LastUpgradeCheck = 1330;
				TargetAttributes = {
					07E8A0982829F0F9008BD0EA = {
						CreatedOnToolsVersion = 13.3.1;
					};
					07E8A09E2829F0F9008BD0EA = {
						CreatedOnToolsVersion = 13.3.1;
					};
					07E8A0A52829F0F9008BD0EA = {
						CreatedOnToolsVersion = 13.3.1;
						TestTargetID = 07E8A0982829F0F9008BD0EA;
					};
					07E8A0B12829F0F9008BD0EA = {
						CreatedOnToolsVersion = 13.3.1;
						TestTargetID = 07E8A09E2829F0F9008BD0EA;
					};
				};
			};
			buildConfigurationList = 07E8A08D2829F0F7008BD0EA /* Build configuration list for PBXProject "DemoToycraft" */;
			compatibilityVersion = "Xcode 13.0";
			developmentRegion = en;
			hasScannedForEncodings = 0;
			knownRegions = (
				en,
				Base,
			);
			mainGroup = 07E8A0892829F0F7008BD0EA;
			packageReferences = (
				0754E92E282E731E0014784E /* XCRemoteSwiftPackageReference "KeychainAccess" */,
			);
			productRefGroup = 07E8A09A2829F0F9008BD0EA /* Products */;
			projectDirPath = "";
			projectRoot = "";
			targets = (
				07E8A0982829F0F9008BD0EA /* DemoToycraft (iOS) */,
				07E8A09E2829F0F9008BD0EA /* DemoToycraft (macOS) */,
				07E8A0A52829F0F9008BD0EA /* Tests iOS */,
				07E8A0B12829F0F9008BD0EA /* Tests macOS */,
			);
		};
/* End PBXProject section */

/* Begin PBXResourcesBuildPhase section */
		07E8A0972829F0F9008BD0EA /* Resources */ = {
			isa = PBXResourcesBuildPhase;
			buildActionMask = 2147483647;
			files = (
				07E8A0C22829F0FA008BD0EA /* Assets.xcassets in Resources */,
			);
			runOnlyForDeploymentPostprocessing = 0;
		};
		07E8A09D2829F0F9008BD0EA /* Resources */ = {
			isa = PBXResourcesBuildPhase;
			buildActionMask = 2147483647;
			files = (
				07E8A0C32829F0FA008BD0EA /* Assets.xcassets in Resources */,
			);
			runOnlyForDeploymentPostprocessing = 0;
		};
		07E8A0A42829F0F9008BD0EA /* Resources */ = {
			isa = PBXResourcesBuildPhase;
			buildActionMask = 2147483647;
			files = (
			);
			runOnlyForDeploymentPostprocessing = 0;
		};
		07E8A0B02829F0F9008BD0EA /* Resources */ = {
			isa = PBXResourcesBuildPhase;
			buildActionMask = 2147483647;
			files = (
			);
			runOnlyForDeploymentPostprocessing = 0;
		};
/* End PBXResourcesBuildPhase section */

/* Begin PBXSourcesBuildPhase section */
		07E8A0952829F0F9008BD0EA /* Sources */ = {
			isa = PBXSourcesBuildPhase;
			buildActionMask = 2147483647;
			files = (
				07E8A0E2282A2B30008BD0EA /* URLSessionActor.swift in Sources */,
				07E8A0D62829F5BA008BD0EA /* DemoToycraftDelegate.swift in Sources */,
				0706726D2833CC01009E33D7 /* CalendarGridConfiguration.swift in Sources */,
				07E8A0BC2829F0FA008BD0EA /* DemoToycraftApp.swift in Sources */,
				070672672833AF17009E33D7 /* SingleCalendarGridView.swift in Sources */,
				07E8A0D32829F31A008BD0EA /* MainWindowScene.swift in Sources */,
				07E8A0C02829F0FA008BD0EA /* Persistence.swift in Sources */,
				0754E9432832884F0014784E /* CustomSideMainView.swift in Sources */,
				07E8A0D92829F6BC008BD0EA /* MainSceneDelegate.swift in Sources */,
				0754E946283288F80014784E /* SideMenuModifier.swift in Sources */,
				07D180192833509000CE1378 /* CalendarGridView.swift in Sources */,
				0706726A2833B1BF009E33D7 /* ScrollViewModifier.swift in Sources */,
				07E8A0BA2829F0FA008BD0EA /* DemoToycraft.xcdatamodeld in Sources */,
				0754E92A282D65390014784E /* MainNavigationView.swift in Sources */,
				07E8A0BE2829F0FA008BD0EA /* ContentView.swift in Sources */,
			);
			runOnlyForDeploymentPostprocessing = 0;
		};
		07E8A09B2829F0F9008BD0EA /* Sources */ = {
			isa = PBXSourcesBuildPhase;
			buildActionMask = 2147483647;
			files = (
				0706726F2833D227009E33D7 /* CalendarGridView.swift in Sources */,
				07E8A0E3282A2B30008BD0EA /* URLSessionActor.swift in Sources */,
				07E8A0D72829F5BA008BD0EA /* DemoToycraftDelegate.swift in Sources */,
				0706726E2833CC01009E33D7 /* CalendarGridConfiguration.swift in Sources */,
				07E8A0BD2829F0FA008BD0EA /* DemoToycraftApp.swift in Sources */,
				07E8A0D42829F31A008BD0EA /* MainWindowScene.swift in Sources */,
				0706726B2833B1BF009E33D7 /* ScrollViewModifier.swift in Sources */,
				07E8A0C12829F0FA008BD0EA /* Persistence.swift in Sources */,
				070672682833AF17009E33D7 /* SingleCalendarGridView.swift in Sources */,
				0754E9442832884F0014784E /* CustomSideMainView.swift in Sources */,
				07E8A0DA2829F6BC008BD0EA /* MainSceneDelegate.swift in Sources */,
				0754E947283288F80014784E /* SideMenuModifier.swift in Sources */,
				07E8A0BB2829F0FA008BD0EA /* DemoToycraft.xcdatamodeld in Sources */,
				0754E92B282D65390014784E /* MainNavigationView.swift in Sources */,
				07E8A0BF2829F0FA008BD0EA /* ContentView.swift in Sources */,
			);
			runOnlyForDeploymentPostprocessing = 0;
		};
		07E8A0A22829F0F9008BD0EA /* Sources */ = {
			isa = PBXSourcesBuildPhase;
			buildActionMask = 2147483647;
			files = (
				07E8A0AD2829F0F9008BD0EA /* Tests_iOSLaunchTests.swift in Sources */,
				07E8A0AB2829F0F9008BD0EA /* Tests_iOS.swift in Sources */,
			);
			runOnlyForDeploymentPostprocessing = 0;
		};
		07E8A0AE2829F0F9008BD0EA /* Sources */ = {
			isa = PBXSourcesBuildPhase;
			buildActionMask = 2147483647;
			files = (
				07E8A0B92829F0FA008BD0EA /* Tests_macOSLaunchTests.swift in Sources */,
				07E8A0B72829F0F9008BD0EA /* Tests_macOS.swift in Sources */,
			);
			runOnlyForDeploymentPostprocessing = 0;
		};
/* End PBXSourcesBuildPhase section */

/* Begin PBXTargetDependency section */
		07E8A0A82829F0F9008BD0EA /* PBXTargetDependency */ = {
			isa = PBXTargetDependency;
			target = 07E8A0982829F0F9008BD0EA /* DemoToycraft (iOS) */;
			targetProxy = 07E8A0A72829F0F9008BD0EA /* PBXContainerItemProxy */;
		};
		07E8A0B42829F0F9008BD0EA /* PBXTargetDependency */ = {
			isa = PBXTargetDependency;
			target = 07E8A09E2829F0F9008BD0EA /* DemoToycraft (macOS) */;
			targetProxy = 07E8A0B32829F0F9008BD0EA /* PBXContainerItemProxy */;
		};
/* End PBXTargetDependency section */

/* Begin XCBuildConfiguration section */
		07E8A0C42829F0FA008BD0EA /* Debug */ = {
			isa = XCBuildConfiguration;
			buildSettings = {
				ALWAYS_SEARCH_USER_PATHS = NO;
				CLANG_ANALYZER_NONNULL = YES;
				CLANG_ANALYZER_NUMBER_OBJECT_CONVERSION = YES_AGGRESSIVE;
				CLANG_CXX_LANGUAGE_STANDARD = "gnu++17";
				CLANG_ENABLE_MODULES = YES;
				CLANG_ENABLE_OBJC_ARC = YES;
				CLANG_ENABLE_OBJC_WEAK = YES;
				CLANG_WARN_BLOCK_CAPTURE_AUTORELEASING = YES;
				CLANG_WARN_BOOL_CONVERSION = YES;
				CLANG_WARN_COMMA = YES;
				CLANG_WARN_CONSTANT_CONVERSION = YES;
				CLANG_WARN_DEPRECATED_OBJC_IMPLEMENTATIONS = YES;
				CLANG_WARN_DIRECT_OBJC_ISA_USAGE = YES_ERROR;
				CLANG_WARN_DOCUMENTATION_COMMENTS = YES;
				CLANG_WARN_EMPTY_BODY = YES;
				CLANG_WARN_ENUM_CONVERSION = YES;
				CLANG_WARN_INFINITE_RECURSION = YES;
				CLANG_WARN_INT_CONVERSION = YES;
				CLANG_WARN_NON_LITERAL_NULL_CONVERSION = YES;
				CLANG_WARN_OBJC_IMPLICIT_RETAIN_SELF = YES;
				CLANG_WARN_OBJC_LITERAL_CONVERSION = YES;
				CLANG_WARN_OBJC_ROOT_CLASS = YES_ERROR;
				CLANG_WARN_QUOTED_INCLUDE_IN_FRAMEWORK_HEADER = YES;
				CLANG_WARN_RANGE_LOOP_ANALYSIS = YES;
				CLANG_WARN_STRICT_PROTOTYPES = YES;
				CLANG_WARN_SUSPICIOUS_MOVE = YES;
				CLANG_WARN_UNGUARDED_AVAILABILITY = YES_AGGRESSIVE;
				CLANG_WARN_UNREACHABLE_CODE = YES;
				CLANG_WARN__DUPLICATE_METHOD_MATCH = YES;
				COPY_PHASE_STRIP = NO;
				DEBUG_INFORMATION_FORMAT = dwarf;
				ENABLE_STRICT_OBJC_MSGSEND = YES;
				ENABLE_TESTABILITY = YES;
				GCC_C_LANGUAGE_STANDARD = gnu11;
				GCC_DYNAMIC_NO_PIC = NO;
				GCC_NO_COMMON_BLOCKS = YES;
				GCC_OPTIMIZATION_LEVEL = 0;
				GCC_PREPROCESSOR_DEFINITIONS = (
					"DEBUG=1",
					"$(inherited)",
				);
				GCC_WARN_64_TO_32_BIT_CONVERSION = YES;
				GCC_WARN_ABOUT_RETURN_TYPE = YES_ERROR;
				GCC_WARN_UNDECLARED_SELECTOR = YES;
				GCC_WARN_UNINITIALIZED_AUTOS = YES_AGGRESSIVE;
				GCC_WARN_UNUSED_FUNCTION = YES;
				GCC_WARN_UNUSED_VARIABLE = YES;
				MTL_ENABLE_DEBUG_INFO = INCLUDE_SOURCE;
				MTL_FAST_MATH = YES;
				ONLY_ACTIVE_ARCH = YES;
				SWIFT_ACTIVE_COMPILATION_CONDITIONS = DEBUG;
				SWIFT_OPTIMIZATION_LEVEL = "-Onone";
			};
			name = Debug;
		};
		07E8A0C52829F0FA008BD0EA /* Release */ = {
			isa = XCBuildConfiguration;
			buildSettings = {
				ALWAYS_SEARCH_USER_PATHS = NO;
				CLANG_ANALYZER_NONNULL = YES;
				CLANG_ANALYZER_NUMBER_OBJECT_CONVERSION = YES_AGGRESSIVE;
				CLANG_CXX_LANGUAGE_STANDARD = "gnu++17";
				CLANG_ENABLE_MODULES = YES;
				CLANG_ENABLE_OBJC_ARC = YES;
				CLANG_ENABLE_OBJC_WEAK = YES;
				CLANG_WARN_BLOCK_CAPTURE_AUTORELEASING = YES;
				CLANG_WARN_BOOL_CONVERSION = YES;
				CLANG_WARN_COMMA = YES;
				CLANG_WARN_CONSTANT_CONVERSION = YES;
				CLANG_WARN_DEPRECATED_OBJC_IMPLEMENTATIONS = YES;
				CLANG_WARN_DIRECT_OBJC_ISA_USAGE = YES_ERROR;
				CLANG_WARN_DOCUMENTATION_COMMENTS = YES;
				CLANG_WARN_EMPTY_BODY = YES;
				CLANG_WARN_ENUM_CONVERSION = YES;
				CLANG_WARN_INFINITE_RECURSION = YES;
				CLANG_WARN_INT_CONVERSION = YES;
				CLANG_WARN_NON_LITERAL_NULL_CONVERSION = YES;
				CLANG_WARN_OBJC_IMPLICIT_RETAIN_SELF = YES;
				CLANG_WARN_OBJC_LITERAL_CONVERSION = YES;
				CLANG_WARN_OBJC_ROOT_CLASS = YES_ERROR;
				CLANG_WARN_QUOTED_INCLUDE_IN_FRAMEWORK_HEADER = YES;
				CLANG_WARN_RANGE_LOOP_ANALYSIS = YES;
				CLANG_WARN_STRICT_PROTOTYPES = YES;
				CLANG_WARN_SUSPICIOUS_MOVE = YES;
				CLANG_WARN_UNGUARDED_AVAILABILITY = YES_AGGRESSIVE;
				CLANG_WARN_UNREACHABLE_CODE = YES;
				CLANG_WARN__DUPLICATE_METHOD_MATCH = YES;
				COPY_PHASE_STRIP = NO;
				DEBUG_INFORMATION_FORMAT = "dwarf-with-dsym";
				ENABLE_NS_ASSERTIONS = NO;
				ENABLE_STRICT_OBJC_MSGSEND = YES;
				GCC_C_LANGUAGE_STANDARD = gnu11;
				GCC_NO_COMMON_BLOCKS = YES;
				GCC_WARN_64_TO_32_BIT_CONVERSION = YES;
				GCC_WARN_ABOUT_RETURN_TYPE = YES_ERROR;
				GCC_WARN_UNDECLARED_SELECTOR = YES;
				GCC_WARN_UNINITIALIZED_AUTOS = YES_AGGRESSIVE;
				GCC_WARN_UNUSED_FUNCTION = YES;
				GCC_WARN_UNUSED_VARIABLE = YES;
				MTL_ENABLE_DEBUG_INFO = NO;
				MTL_FAST_MATH = YES;
				SWIFT_COMPILATION_MODE = wholemodule;
				SWIFT_OPTIMIZATION_LEVEL = "-O";
			};
			name = Release;
		};
		07E8A0C72829F0FA008BD0EA /* Debug */ = {
			isa = XCBuildConfiguration;
			buildSettings = {
				ASSETCATALOG_COMPILER_APPICON_NAME = AppIcon;
				ASSETCATALOG_COMPILER_GLOBAL_ACCENT_COLOR_NAME = AccentColor;
				CODE_SIGN_STYLE = Automatic;
				CURRENT_PROJECT_VERSION = 1;
				DEVELOPMENT_TEAM = LK6FRFG3P9;
				ENABLE_PREVIEWS = YES;
				GENERATE_INFOPLIST_FILE = YES;
				INFOPLIST_KEY_UIApplicationSceneManifest_Generation = YES;
				INFOPLIST_KEY_UIApplicationSupportsIndirectInputEvents = YES;
				INFOPLIST_KEY_UILaunchScreen_Generation = YES;
				INFOPLIST_KEY_UISupportedInterfaceOrientations_iPad = "UIInterfaceOrientationPortrait UIInterfaceOrientationPortraitUpsideDown UIInterfaceOrientationLandscapeLeft UIInterfaceOrientationLandscapeRight";
				INFOPLIST_KEY_UISupportedInterfaceOrientations_iPhone = "UIInterfaceOrientationPortrait UIInterfaceOrientationLandscapeLeft UIInterfaceOrientationLandscapeRight";
				IPHONEOS_DEPLOYMENT_TARGET = 15.4;
				LD_RUNPATH_SEARCH_PATHS = (
					"$(inherited)",
					"@executable_path/Frameworks",
				);
				MARKETING_VERSION = 1.0;
				PRODUCT_BUNDLE_IDENTIFIER = kr.personal.pbk.DemoToycraft;
				PRODUCT_NAME = DemoToycraft;
				SDKROOT = iphoneos;
				SWIFT_EMIT_LOC_STRINGS = YES;
				SWIFT_VERSION = 5.0;
				TARGETED_DEVICE_FAMILY = "1,2";
			};
			name = Debug;
		};
		07E8A0C82829F0FA008BD0EA /* Release */ = {
			isa = XCBuildConfiguration;
			buildSettings = {
				ASSETCATALOG_COMPILER_APPICON_NAME = AppIcon;
				ASSETCATALOG_COMPILER_GLOBAL_ACCENT_COLOR_NAME = AccentColor;
				CODE_SIGN_STYLE = Automatic;
				CURRENT_PROJECT_VERSION = 1;
				DEVELOPMENT_TEAM = LK6FRFG3P9;
				ENABLE_PREVIEWS = YES;
				GENERATE_INFOPLIST_FILE = YES;
				INFOPLIST_KEY_UIApplicationSceneManifest_Generation = YES;
				INFOPLIST_KEY_UIApplicationSupportsIndirectInputEvents = YES;
				INFOPLIST_KEY_UILaunchScreen_Generation = YES;
				INFOPLIST_KEY_UISupportedInterfaceOrientations_iPad = "UIInterfaceOrientationPortrait UIInterfaceOrientationPortraitUpsideDown UIInterfaceOrientationLandscapeLeft UIInterfaceOrientationLandscapeRight";
				INFOPLIST_KEY_UISupportedInterfaceOrientations_iPhone = "UIInterfaceOrientationPortrait UIInterfaceOrientationLandscapeLeft UIInterfaceOrientationLandscapeRight";
				IPHONEOS_DEPLOYMENT_TARGET = 15.4;
				LD_RUNPATH_SEARCH_PATHS = (
					"$(inherited)",
					"@executable_path/Frameworks",
				);
				MARKETING_VERSION = 1.0;
				PRODUCT_BUNDLE_IDENTIFIER = kr.personal.pbk.DemoToycraft;
				PRODUCT_NAME = DemoToycraft;
				SDKROOT = iphoneos;
				SWIFT_EMIT_LOC_STRINGS = YES;
				SWIFT_VERSION = 5.0;
				TARGETED_DEVICE_FAMILY = "1,2";
				VALIDATE_PRODUCT = YES;
			};
			name = Release;
		};
		07E8A0CA2829F0FA008BD0EA /* Debug */ = {
			isa = XCBuildConfiguration;
			buildSettings = {
				ASSETCATALOG_COMPILER_APPICON_NAME = AppIcon;
				ASSETCATALOG_COMPILER_GLOBAL_ACCENT_COLOR_NAME = AccentColor;
				CODE_SIGN_ENTITLEMENTS = macOS/macOS.entitlements;
				CODE_SIGN_STYLE = Automatic;
				COMBINE_HIDPI_IMAGES = YES;
				CURRENT_PROJECT_VERSION = 1;
				DEVELOPMENT_TEAM = LK6FRFG3P9;
				ENABLE_HARDENED_RUNTIME = YES;
				ENABLE_PREVIEWS = YES;
				GENERATE_INFOPLIST_FILE = YES;
				INFOPLIST_KEY_NSHumanReadableCopyright = "";
				LD_RUNPATH_SEARCH_PATHS = (
					"$(inherited)",
					"@executable_path/../Frameworks",
				);
				MACOSX_DEPLOYMENT_TARGET = 12.3;
				MARKETING_VERSION = 1.0;
				PRODUCT_BUNDLE_IDENTIFIER = kr.personal.pbk.DemoToycraft;
				PRODUCT_NAME = DemoToycraft;
				SDKROOT = macosx;
				SWIFT_EMIT_LOC_STRINGS = YES;
				SWIFT_VERSION = 5.0;
			};
			name = Debug;
		};
		07E8A0CB2829F0FA008BD0EA /* Release */ = {
			isa = XCBuildConfiguration;
			buildSettings = {
				ASSETCATALOG_COMPILER_APPICON_NAME = AppIcon;
				ASSETCATALOG_COMPILER_GLOBAL_ACCENT_COLOR_NAME = AccentColor;
				CODE_SIGN_ENTITLEMENTS = macOS/macOS.entitlements;
				CODE_SIGN_STYLE = Automatic;
				COMBINE_HIDPI_IMAGES = YES;
				CURRENT_PROJECT_VERSION = 1;
				DEVELOPMENT_TEAM = LK6FRFG3P9;
				ENABLE_HARDENED_RUNTIME = YES;
				ENABLE_PREVIEWS = YES;
				GENERATE_INFOPLIST_FILE = YES;
				INFOPLIST_KEY_NSHumanReadableCopyright = "";
				LD_RUNPATH_SEARCH_PATHS = (
					"$(inherited)",
					"@executable_path/../Frameworks",
				);
				MACOSX_DEPLOYMENT_TARGET = 12.3;
				MARKETING_VERSION = 1.0;
				PRODUCT_BUNDLE_IDENTIFIER = kr.personal.pbk.DemoToycraft;
				PRODUCT_NAME = DemoToycraft;
				SDKROOT = macosx;
				SWIFT_EMIT_LOC_STRINGS = YES;
				SWIFT_VERSION = 5.0;
			};
			name = Release;
		};
		07E8A0CD2829F0FA008BD0EA /* Debug */ = {
			isa = XCBuildConfiguration;
			buildSettings = {
				ALWAYS_EMBED_SWIFT_STANDARD_LIBRARIES = YES;
				CODE_SIGN_STYLE = Automatic;
				CURRENT_PROJECT_VERSION = 1;
				DEVELOPMENT_TEAM = LK6FRFG3P9;
				GENERATE_INFOPLIST_FILE = YES;
				IPHONEOS_DEPLOYMENT_TARGET = 15.4;
				MARKETING_VERSION = 1.0;
				PRODUCT_BUNDLE_IDENTIFIER = "kr.personal.pbk.Tests-iOS";
				PRODUCT_NAME = "$(TARGET_NAME)";
				SDKROOT = iphoneos;
				SWIFT_EMIT_LOC_STRINGS = NO;
				SWIFT_VERSION = 5.0;
				TARGETED_DEVICE_FAMILY = "1,2";
				TEST_TARGET_NAME = "DemoToycraft (iOS)";
			};
			name = Debug;
		};
		07E8A0CE2829F0FA008BD0EA /* Release */ = {
			isa = XCBuildConfiguration;
			buildSettings = {
				ALWAYS_EMBED_SWIFT_STANDARD_LIBRARIES = YES;
				CODE_SIGN_STYLE = Automatic;
				CURRENT_PROJECT_VERSION = 1;
				DEVELOPMENT_TEAM = LK6FRFG3P9;
				GENERATE_INFOPLIST_FILE = YES;
				IPHONEOS_DEPLOYMENT_TARGET = 15.4;
				MARKETING_VERSION = 1.0;
				PRODUCT_BUNDLE_IDENTIFIER = "kr.personal.pbk.Tests-iOS";
				PRODUCT_NAME = "$(TARGET_NAME)";
				SDKROOT = iphoneos;
				SWIFT_EMIT_LOC_STRINGS = NO;
				SWIFT_VERSION = 5.0;
				TARGETED_DEVICE_FAMILY = "1,2";
				TEST_TARGET_NAME = "DemoToycraft (iOS)";
				VALIDATE_PRODUCT = YES;
			};
			name = Release;
		};
		07E8A0D02829F0FA008BD0EA /* Debug */ = {
			isa = XCBuildConfiguration;
			buildSettings = {
				ALWAYS_EMBED_SWIFT_STANDARD_LIBRARIES = YES;
				CODE_SIGN_STYLE = Automatic;
				CURRENT_PROJECT_VERSION = 1;
				DEVELOPMENT_TEAM = LK6FRFG3P9;
				GENERATE_INFOPLIST_FILE = YES;
				MACOSX_DEPLOYMENT_TARGET = 12.3;
				MARKETING_VERSION = 1.0;
				PRODUCT_BUNDLE_IDENTIFIER = "kr.personal.pbk.Tests-macOS";
				PRODUCT_NAME = "$(TARGET_NAME)";
				SDKROOT = macosx;
				SWIFT_EMIT_LOC_STRINGS = NO;
				SWIFT_VERSION = 5.0;
				TEST_TARGET_NAME = "DemoToycraft (macOS)";
			};
			name = Debug;
		};
		07E8A0D12829F0FA008BD0EA /* Release */ = {
			isa = XCBuildConfiguration;
			buildSettings = {
				ALWAYS_EMBED_SWIFT_STANDARD_LIBRARIES = YES;
				CODE_SIGN_STYLE = Automatic;
				CURRENT_PROJECT_VERSION = 1;
				DEVELOPMENT_TEAM = LK6FRFG3P9;
				GENERATE_INFOPLIST_FILE = YES;
				MACOSX_DEPLOYMENT_TARGET = 12.3;
				MARKETING_VERSION = 1.0;
				PRODUCT_BUNDLE_IDENTIFIER = "kr.personal.pbk.Tests-macOS";
				PRODUCT_NAME = "$(TARGET_NAME)";
				SDKROOT = macosx;
				SWIFT_EMIT_LOC_STRINGS = NO;
				SWIFT_VERSION = 5.0;
				TEST_TARGET_NAME = "DemoToycraft (macOS)";
			};
			name = Release;
		};
/* End XCBuildConfiguration section */

/* Begin XCConfigurationList section */
		07E8A08D2829F0F7008BD0EA /* Build configuration list for PBXProject "DemoToycraft" */ = {
			isa = XCConfigurationList;
			buildConfigurations = (
				07E8A0C42829F0FA008BD0EA /* Debug */,
				07E8A0C52829F0FA008BD0EA /* Release */,
			);
			defaultConfigurationIsVisible = 0;
			defaultConfigurationName = Release;
		};
		07E8A0C62829F0FA008BD0EA /* Build configuration list for PBXNativeTarget "DemoToycraft (iOS)" */ = {
			isa = XCConfigurationList;
			buildConfigurations = (
				07E8A0C72829F0FA008BD0EA /* Debug */,
				07E8A0C82829F0FA008BD0EA /* Release */,
			);
			defaultConfigurationIsVisible = 0;
			defaultConfigurationName = Release;
		};
		07E8A0C92829F0FA008BD0EA /* Build configuration list for PBXNativeTarget "DemoToycraft (macOS)" */ = {
			isa = XCConfigurationList;
			buildConfigurations = (
				07E8A0CA2829F0FA008BD0EA /* Debug */,
				07E8A0CB2829F0FA008BD0EA /* Release */,
			);
			defaultConfigurationIsVisible = 0;
			defaultConfigurationName = Release;
		};
		07E8A0CC2829F0FA008BD0EA /* Build configuration list for PBXNativeTarget "Tests iOS" */ = {
			isa = XCConfigurationList;
			buildConfigurations = (
				07E8A0CD2829F0FA008BD0EA /* Debug */,
				07E8A0CE2829F0FA008BD0EA /* Release */,
			);
			defaultConfigurationIsVisible = 0;
			defaultConfigurationName = Release;
		};
		07E8A0CF2829F0FA008BD0EA /* Build configuration list for PBXNativeTarget "Tests macOS" */ = {
			isa = XCConfigurationList;
			buildConfigurations = (
				07E8A0D02829F0FA008BD0EA /* Debug */,
				07E8A0D12829F0FA008BD0EA /* Release */,
			);
			defaultConfigurationIsVisible = 0;
			defaultConfigurationName = Release;
		};
/* End XCConfigurationList section */

/* Begin XCRemoteSwiftPackageReference section */
		0754E92E282E731E0014784E /* XCRemoteSwiftPackageReference "KeychainAccess" */ = {
			isa = XCRemoteSwiftPackageReference;
			repositoryURL = "https://github.com/kishikawakatsumi/KeychainAccess.git";
			requirement = {
				kind = upToNextMajorVersion;
				minimumVersion = 4.2.2;
			};
		};
/* End XCRemoteSwiftPackageReference section */

/* Begin XCSwiftPackageProductDependency section */
		0754E92F282E731F0014784E /* KeychainAccess */ = {
			isa = XCSwiftPackageProductDependency;
			package = 0754E92E282E731E0014784E /* XCRemoteSwiftPackageReference "KeychainAccess" */;
			productName = KeychainAccess;
		};
		0754E932282E73360014784E /* KeychainAccess */ = {
			isa = XCSwiftPackageProductDependency;
			package = 0754E92E282E731E0014784E /* XCRemoteSwiftPackageReference "KeychainAccess" */;
			productName = KeychainAccess;
		};
/* End XCSwiftPackageProductDependency section */

/* Begin XCVersionGroup section */
		07E8A08F2829F0F8008BD0EA /* DemoToycraft.xcdatamodeld */ = {
			isa = XCVersionGroup;
			children = (
				07E8A0902829F0F8008BD0EA /* Shared.xcdatamodel */,
			);
			currentVersion = 07E8A0902829F0F8008BD0EA /* Shared.xcdatamodel */;
			path = DemoToycraft.xcdatamodeld;
			sourceTree = "<group>";
			versionGroupType = wrapper.xcdatamodel;
		};
/* End XCVersionGroup section */
	};
	rootObject = 07E8A08A2829F0F7008BD0EA /* Project object */;
}
